{
  "name": "@funnelmetry/canonical-normalizer",
  "version": "0.1.0",
  "lockfileVersion": 3,
  "requires": true,
  "packages": {
    "": {
      "name": "@funnelmetry/canonical-normalizer",
      "version": "0.1.0",
      "dependencies": {
        "@3002tad/funnelmetry-behavior-event-catalog": "file:../../packages/behavior-event-catalog",
        "@3002tad/funnelmetry-input-contract": "file:../../packages/input-contract",
        "@funnelmetry/canonical-contract": "file:../../packages/canonical-contract",
        "kafkajs": "^2.2.4"
      },
      "engines": {
        "node": ">=20"
      }
    },
    "../../packages/behavior-event-catalog": {
      "name": "@3002tad/funnelmetry-behavior-event-catalog",
      "version": "0.1.0",
      "license": "UNLICENSED",
      "engines": {
        "node": ">=20"
      }
    },
    "../../packages/canonical-contract": {
      "name": "@funnelmetry/canonical-contract",
      "version": "0.1.0",
      "engines": {
        "node": ">=20"
      }
    },
    "../../packages/input-contract": {
      "name": "@3002tad/funnelmetry-input-contract",
      "version": "0.1.1",
      "license": "UNLICENSED"
    },
    "node_modules/@3002tad/funnelmetry-behavior-event-catalog": {
      "resolved": "../../packages/behavior-event-catalog",
      "link": true
    },
    "node_modules/@3002tad/funnelmetry-input-contract": {
      "resolved": "../../packages/input-contract",
      "link": true
    },
    "node_modules/@funnelmetry/canonical-contract": {
      "resolved": "../../packages/canonical-contract",
      "link": true
    },
    "node_modules/kafkajs": {
      "version": "2.2.4",
      "resolved": "https://registry.npmjs.org/kafkajs/-/kafkajs-2.2.4.tgz",
      "integrity": "sha512-j/YeapB1vfPT2iOIUn/vxdyKEuhuY2PxMBvf5JWux6iSaukAccrMtXEY/Lb7OvavDhOWME589bpLrEdnVHjfjA==",
      "license": "MIT",
      "engines": {
        "node": ">=14.0.0"
      }
    }
  }
}
