{
  "name": "@funnelmetry/input-gateway",
  "version": "0.1.0",
  "lockfileVersion": 3,
  "requires": true,
  "packages": {
    "": {
      "name": "@funnelmetry/input-gateway",
      "version": "0.1.0",
      "dependencies": {
        "@funnelmetry/input-contract": "file:../../packages/input-contract",
        "kafkajs": "^2.2.4"
      },
      "engines": {
        "node": ">=20"
      }
    },
    "../../packages/input-contract": {
      "name": "@funnelmetry/input-contract",
      "version": "0.1.0"
    },
    "node_modules/@funnelmetry/input-contract": {
      "resolved": "../../packages/input-contract",
      "link": true
    },
    "node_modules/kafkajs": {
      "version": "2.2.4",
      "resolved": "https://registry.npmjs.org/kafkajs/-/kafkajs-2.2.4.tgz",
      "integrity": "sha512-j/YeapB1vfPT2iOIUn/vxdyKEuhuY2PxMBvf5JWux6iSaukAccrMtXEY/Lb7OvavDhOWME589bpLrEdnVHjfjA==",
      "license": "MIT",
      "engines": {
        "node": ">=14.0.0"
      }
    }
  }
}
