{
  "name": "@funnelmetry/edge-relay",
  "version": "0.1.0",
  "lockfileVersion": 3,
  "requires": true,
  "packages": {
    "": {
      "name": "@funnelmetry/edge-relay",
      "version": "0.1.0",
      "dependencies": {
        "@3002tad/funnelmetry-input-contract": "file:../../packages/input-contract"
      },
      "engines": {
        "node": ">=22"
      }
    },
    "../../packages/input-contract": {
      "name": "@3002tad/funnelmetry-input-contract",
      "version": "0.1.1",
      "license": "UNLICENSED"
    },
    "node_modules/@3002tad/funnelmetry-input-contract": {
      "resolved": "../../packages/input-contract",
      "link": true
    }
  }
}
