{
  "name": "@funnelmetry/integration-kit-workspace",
  "lockfileVersion": 3,
  "requires": true,
  "packages": {
    "": {
      "name": "@funnelmetry/integration-kit-workspace",
      "workspaces": [
        "input-contract",
        "canonical-contract",
        "browser-sdk",
        "backend-integration-kit"
      ]
    },
    "backend-integration-kit": {
      "name": "@funnelmetry/backend-integration-kit",
      "version": "0.1.0",
      "dependencies": {
        "@funnelmetry/input-contract": "0.1.0"
      }
    },
    "browser-sdk": {
      "name": "@funnelmetry/browser-sdk",
      "version": "0.1.0",
      "dependencies": {
        "@funnelmetry/input-contract": "0.1.0"
      }
    },
    "canonical-contract": {
      "name": "@funnelmetry/canonical-contract",
      "version": "0.1.0",
      "engines": {
        "node": ">=20"
      }
    },
    "input-contract": {
      "name": "@funnelmetry/input-contract",
      "version": "0.1.0"
    },
    "node_modules/@funnelmetry/backend-integration-kit": {
      "resolved": "backend-integration-kit",
      "link": true
    },
    "node_modules/@funnelmetry/browser-sdk": {
      "resolved": "browser-sdk",
      "link": true
    },
    "node_modules/@funnelmetry/canonical-contract": {
      "resolved": "canonical-contract",
      "link": true
    },
    "node_modules/@funnelmetry/input-contract": {
      "resolved": "input-contract",
      "link": true
    }
  }
}
