{
  "name": "@funnelmetry/integration-kit-workspace",
  "lockfileVersion": 3,
  "requires": true,
  "packages": {
    "": {
      "name": "@funnelmetry/integration-kit-workspace",
      "workspaces": [
        "input-contract",
        "canonical-contract",
        "behavior-event-catalog",
        "time-semantics-contract",
        "browser-sdk",
        "backend-integration-kit"
      ]
    },
    "backend-integration-kit": {
      "name": "@3002tad/funnelmetry-backend-integration-kit",
      "version": "0.2.0",
      "license": "UNLICENSED",
      "dependencies": {
        "@3002tad/funnelmetry-input-contract": "0.1.4"
      }
    },
    "behavior-event-catalog": {
      "name": "@3002tad/funnelmetry-behavior-event-catalog",
      "version": "0.2.0",
      "license": "UNLICENSED",
      "engines": {
        "node": ">=20"
      }
    },
    "browser-sdk": {
      "name": "@3002tad/funnelmetry-browser-sdk",
      "version": "0.2.0",
      "license": "UNLICENSED",
      "dependencies": {
        "@3002tad/funnelmetry-behavior-event-catalog": "0.2.0",
        "@3002tad/funnelmetry-input-contract": "0.1.4"
      }
    },
    "canonical-contract": {
      "name": "@funnelmetry/canonical-contract",
      "version": "0.1.0",
      "engines": {
        "node": ">=20"
      }
    },
    "input-contract": {
      "name": "@3002tad/funnelmetry-input-contract",
      "version": "0.1.4",
      "license": "UNLICENSED"
    },
    "node_modules/@3002tad/funnelmetry-backend-integration-kit": {
      "resolved": "backend-integration-kit",
      "link": true
    },
    "node_modules/@3002tad/funnelmetry-behavior-event-catalog": {
      "resolved": "behavior-event-catalog",
      "link": true
    },
    "node_modules/@3002tad/funnelmetry-browser-sdk": {
      "resolved": "browser-sdk",
      "link": true
    },
    "node_modules/@3002tad/funnelmetry-input-contract": {
      "resolved": "input-contract",
      "link": true
    },
    "node_modules/@funnelmetry/canonical-contract": {
      "resolved": "canonical-contract",
      "link": true
    },
    "node_modules/@funnelmetry/time-semantics-contract": {
      "resolved": "time-semantics-contract",
      "link": true
    },
    "time-semantics-contract": {
      "name": "@funnelmetry/time-semantics-contract",
      "version": "0.1.0",
      "engines": {
        "node": ">=20"
      }
    }
  }
}
